{
  "object": {
    "pins": [
      {
        "package": "abseil",
        "repositoryURL": "https://github.com/google/abseil-cpp-binary.git",
        "state": {
          "branch": null,
          "revision": "a5f16ba68913840ee5df91b8dc06f5cc063579de",
          "version": "1.2021110200.0"
        }
      },
      {
        "package": "DZDataAnalytics",
        "repositoryURL": "git@github.com-DZAnalytics:DanielZanchi/DZAnalytics.git",
        "state": {
          "branch": null,
          "revision": "100d5b5159a3c0f66d56aaa6c664846aaeb5b8cc",
          "version": "2.1.3"
        }
      },
      {
        "package": "DZUtilities",
        "repositoryURL": "git@github.com-DZUtilities:DanielZanchi/DZUtilities.git",
        "state": {
          "branch": null,
          "revision": "3f7440a8465f774d589903877119f83e2df9b01f",
          "version": "2.1.4"
        }
      },
      {
        "package": "Facebook",
        "repositoryURL": "https://github.com/facebook/facebook-ios-sdk",
        "state": {
          "branch": null,
          "revision": "5c7367dadcbe504702c041621dc09752bf2cd747",
          "version": "16.0.1"
        }
      },
      {
        "package": "Firebase",
        "repositoryURL": "https://github.com/firebase/firebase-ios-sdk.git",
        "state": {
          "branch": null,
          "revision": "ee016a6774edca5ffc50c39855783d1add6ca0fc",
          "version": "10.8.1"
        }
      },
      {
        "package": "GoogleAppMeasurement",
        "repositoryURL": "https://github.com/google/GoogleAppMeasurement.git",
        "state": {
          "branch": null,
          "revision": "274428b83e063cd518b998555be0ec18abcbe9de",
          "version": "10.8.0"
        }
      },
      {
        "package": "GoogleDataTransport",
        "repositoryURL": "https://github.com/google/GoogleDataTransport.git",
        "state": {
          "branch": null,
          "revision": "5056b15c5acbb90cd214fe4d6138bdf5a740e5a8",
          "version": "9.2.0"
        }
      },
      {
        "package": "GoogleUtilities",
        "repositoryURL": "https://github.com/google/GoogleUtilities.git",
        "state": {
          "branch": null,
          "revision": "0543562f85620b5b7c510c6bcbef75b562a5127b",
          "version": "7.11.0"
        }
      },
      {
        "package": "gRPC",
        "repositoryURL": "https://github.com/google/grpc-binary.git",
        "state": {
          "branch": null,
          "revision": "df37f6af8a273bc687e3166843ed86007de57d78",
          "version": "1.44.0"
        }
      },
      {
        "package": "GTMSessionFetcher",
        "repositoryURL": "https://github.com/google/gtm-session-fetcher.git",
        "state": {
          "branch": null,
          "revision": "d4289da23e978f37c344ea6a386e5546e2466294",
          "version": "2.1.0"
        }
      },
      {
        "package": "Adjust",
        "repositoryURL": "https://github.com/adjust/ios_sdk",
        "state": {
          "branch": null,
          "revision": "6ae03883c3b7d22e72e2a5937ad5dd8765d9c31d",
          "version": "4.33.4"
        }
      },
      {
        "package": "leveldb",
        "repositoryURL": "https://github.com/firebase/leveldb.git",
        "state": {
          "branch": null,
          "revision": "0706abcc6b0bd9cedfbb015ba840e4a780b5159b",
          "version": "1.22.2"
        }
      },
      {
        "package": "nanopb",
        "repositoryURL": "https://github.com/firebase/nanopb.git",
        "state": {
          "branch": null,
          "revision": "819d0a2173aff699fb8c364b6fb906f7cdb1a692",
          "version": "2.30909.0"
        }
      },
      {
        "package": "Promises",
        "repositoryURL": "https://github.com/google/promises.git",
        "state": {
          "branch": null,
          "revision": "3e4e743631e86c8c70dbc6efdc7beaa6e90fd3bb",
          "version": "2.1.1"
        }
      },
      {
        "package": "SwiftProtobuf",
        "repositoryURL": "https://github.com/apple/swift-protobuf.git",
        "state": {
          "branch": null,
          "revision": "88c7d15e1242fdb6ecbafbc7926426a19be1e98a",
          "version": "1.20.2"
        }
      },
      {
        "package": "SwiftKeychainWrapper",
        "repositoryURL": "https://github.com/jrendel/SwiftKeychainWrapper",
        "state": {
          "branch": null,
          "revision": "185a3165346a03767101c4f62e9a545a0fe0530f",
          "version": "4.0.1"
        }
      },
      {
        "package": "SwiftyStoreKit",
        "repositoryURL": "https://github.com/bizz84/SwiftyStoreKit.git",
        "state": {
          "branch": null,
          "revision": "9ce911639680113dac9b554d6243e406a9758ebe",
          "version": "0.16.4"
        }
      }
    ]
  },
  "version": 1
}
